
Microsoft Visual Studio Solution File, Format Version 12.00
# Visual Studio 15
VisualStudioVersion = 15.0.27703.2026
MinimumVisualStudioVersion = 10.0.40219.1
Project("{FAE04EC0-301F-11D3-BF4B-00C04F79EFBC}") = "FlutterServerApi", "FlutterServerApi\FlutterServerApi.csproj", "{C620342B-C6C1-4326-BC15-EF67BF486FB6}"
EndProject
Global
	GlobalSection(SolutionConfigurationPlatforms) = preSolution
		Debug|Any CPU = Debug|Any CPU
		Release|Any CPU = Release|Any CPU
	EndGlobalSection
	GlobalSection(ProjectConfigurationPlatforms) = postSolution
		{C620342B-C6C1-4326-BC15-EF67BF486FB6}.Debug|Any CPU.ActiveCfg = Debug|Any CPU
		{C620342B-C6C1-4326-BC15-EF67BF486FB6}.Debug|Any CPU.Build.0 = Debug|Any CPU
		{C620342B-C6C1-4326-BC15-EF67BF486FB6}.Release|Any CPU.ActiveCfg = Release|Any CPU
		{C620342B-C6C1-4326-BC15-EF67BF486FB6}.Release|Any CPU.Build.0 = Release|Any CPU
	EndGlobalSection
	GlobalSection(SolutionProperties) = preSolution
		HideSolutionNode = FALSE
	EndGlobalSection
	GlobalSection(ExtensibilityGlobals) = postSolution
		SolutionGuid = {027A9F4A-F4D3-46AC-813A-C7DF12D3FC08}
	EndGlobalSection
EndGlobal
